{
    "_meta": {
        "hash": {
            "sha256": "ad2d79445f01a3739b57158f8320f880af9090e62bf6af96bac4777c48e39854"
        },
        "pipfile-spec": 6,
        "requires": {
            "python_version": "3.12"
        },
        "sources": [
            {
                "name": "pypi",
                "url": "https://pypi.org/simple",
                "verify_ssl": true
            }
        ]
    },
    "default": {
        "altgraph": {
            "hashes": [
                "sha256:1b5afbb98f6c4dcadb2e2ae6ab9fa994bbb8c1d75f4fa96d340f9437ae454406",
                "sha256:642743b4750de17e655e6711601b077bc6598dbfa3ba5fa2b2a35ce12b508dff"
            ],
            "version": "==0.17.4"
        },
        "dependency-injector": {
            "hashes": [
                "sha256:06bf830625e647cb84ace9662b205b48be394bfab725c3be871a1aa7a20755f6",
                "sha256:144dfae8da58ecd326dbe7fa63dab014ddf07af13b5ab6c0084881373852ecde",
                "sha256:16c17b17d1974a288b16f0d9b4eda7fae892dc2823ff1d95a93207723b681b9a",
                "sha256:2144948b5218f480ca94c11e848762aa305539ec67406ccecfbcb556d06a61dd",
                "sha256:21cfd5d2f26cca02bd897069b4460be1cbac1b07875a33885a84f9aa165cead5",
                "sha256:229ae0f01d5bc04666256737b958b426452214a1ef1082bbc0114a53b8ea21e3",
                "sha256:2683b1d9588c1af34e5a15f334a5e2d3c7e546bdc5c3226c85e8b6243d60c72b",
                "sha256:2b18413b2f965793f8e401996a6cc01e0aa0336568805fc822285cdc72cfb7d9",
                "sha256:2bfca5875aedb5a0995a4b2e5a928aef5791a58f4280d0c3003cb0720385f546",
                "sha256:2e6861b14a52b8ab0956bde2379aad43a5f05ddc8dbfb0233c6c4f71bc029481",
                "sha256:3018a9882364210b55644d7fe4044f3970f1ead30603859b15baf1fd1efe53f7",
                "sha256:326109be456ffa80698e27fe7f32411bb120c4fb2f65059abff2616910a261d3",
                "sha256:3472714fa547f5df4de1e1f4d1aa854214aad9e53d3bd75bd0d4d1eddc9df3b3",
                "sha256:3a1cfd84779e718974b8d40eefc2d664ba69c142ca676ed97f487de05e733e9e",
                "sha256:3c76c944e4732d72787f99b18dd5b3bcb012427efe8373d8b895f9774880f0cc",
                "sha256:3df40ff15bd31058b24cd79781b1dc2f31e0c157ee2067566dfd7a92191969e9",
                "sha256:403f44e2073986138dd95f4a8ac864453524b18385c44b838cba8a2f7f742f2e",
                "sha256:433883ccdfa353e6c8c2e20ba6eb08f77149a7e15f816f05be65bb791b86e5fe",
                "sha256:445c3b35c3c8c029e313f46ae8087a1d6edad8aa74d7f470125bfc22d8ab4831",
                "sha256:480db147baf30b4ee1d38705992694b23ba3c9554d6b2f039a5f13c6f10366d5",
                "sha256:4a77e1815efe7e685a5fe44201f725669010f1d2f6b3034261230dc2cb036371",
                "sha256:4b03382b9423f008bf307d4dee7e56ea1e070fc0e23481e4e327b01b9b463a9d",
                "sha256:4b4a1618eff7dba76f155eb0754ad5c3910b1cb300c34c5d667f50cb30c19117",
                "sha256:4cec41b8dd678555ea025ad320e6354cad92b18b6433f8cd0b423b02989668c3",
                "sha256:4f556713c34335afaec011e3e436668686af90605992415be60aea1d625bf91b",
                "sha256:52015c82f0dd2940e7d1902b287d808265d20f4d2c9713543a7aa29986893571",
                "sha256:5510a68445741fce2af071fd7fda177c4249f2b576d2b2b2b5af23083e4208e8",
                "sha256:580a1c5cc96d88531509b4af285a602b3fa322f06cf684c99bb5506eb2d12cf2",
                "sha256:5eb99c2ea049ac1065a0b4cf06166f70fac697049ddd342b88cb6a264f106faf",
                "sha256:60034184b6dedf7d0486c565eb846a56ccc6fdb25511f1bedf0fbbb7dab23239",
                "sha256:60de7a0a8bd105b2e11121f81a3e5ec67fce34d2470eb7af2546bca2df76b101",
                "sha256:6a013c93a870a3a1ce9829dd272bd02b194ea286df48dfb9d059cf34526738b8",
                "sha256:6f44c0fca126682804f6428038bf03a2f992f6b694a0cc8515bc58cc10534bd7",
                "sha256:713645e6c5e79e7a4a574c6274acf203bf93e34d0fb1d38cf63a7f7b3142ab00",
                "sha256:73d52ba9efdbb6a1c0ba49d9c68be9cedb0abfa0e6fbdfb942371c642cb30541",
                "sha256:75d0f8c748efe5e1f8a0970742483b38687bfe460496a4b7e344440798d0fa99",
                "sha256:7afd6825f926c3506ea85ab5dab7460bf9fd06bbaeee164faa205b0eb0db1efe",
                "sha256:7ec03cd54b79b5fc8df46ae821392358a24dc371bda01a2a68917ab0e559a96b",
                "sha256:7effdb9e45f5c2813e2fd9dc2ef2c446dd59716f66f9c772ab27b9ed16efc894",
                "sha256:82a0c665ee9bbb9434497a9b97bbb2018a9c427c0d014bff77dda2e0586c9020",
                "sha256:83476347e7d3e4b63a3ba4617b87b5b4259b5da7826b7cf1b6c6035c21c8c77d",
                "sha256:892c40f800e19732e9a10d595237bfbe09637e07a98b55c8b0526ac7f8f7400b",
                "sha256:8b2bbc02553633b5b3328c209b1908c2ae8250fdb3dd0536e9021a43a9d6399c",
                "sha256:8d351a5f36bc04838c4884acbc5f57315e51437a19f2a03d225a3af9bac1f60c",
                "sha256:9396c71f25744fd0ded9b171fee05ea3ca13a87c12512ddd8b7e4330f70647eb",
                "sha256:97dc40a527e488df23e9fb5b33a85f9176b730449ad2e498d6cc556dcad540ae",
                "sha256:9a76ab1e114402f284c71039391826d9e43083169d88568ede109ff4fc85de1e",
                "sha256:9b0cb3cdb0523f75bc8bf3e07406670fc8f79a295e8309c2c638a485f3ae9ee0",
                "sha256:9b70cb03d38f89aba3ba9ba7494952b1e68e018b9a52857590aa74c1f984798b",
                "sha256:9d785dacb136479b0536e8b05f83a7375f09404d63eabd1be9b694eca6defea4",
                "sha256:9ebcefa9218941337466cf0985bdcd5d38cf84ab1d3a4d7a3cc91845e38c0d1e",
                "sha256:aad4e274ec08e359dcf8cf391e08b399b9be67cc5d3c41e2d7b61a8967bb7a29",
                "sha256:acda1553bfc47aefc12afdc88418d480c8fc50914c2d36392e0412cdbb267318",
                "sha256:bc2749ed42a7bcb1e62f2ff63a1b931da63f116e50ccdabaf32871d24489999c",
                "sha256:bd3fff67247e3120970b6761a80508cd5852729c4517479ebbbf5c3690fab191",
                "sha256:beabb619969c1c87085bcb228b10e2f8751bf7cca66d77dac99c85c3b7a29847",
                "sha256:c12c44c8c5a168059cff22a0e9a9f7f3ff089b0b38114d037ca1ead48ead178d",
                "sha256:c2a38cf7826ff253d30958c35bc1e121af292f0f12fb5ffd1ad3ea5377b63e3b",
                "sha256:c6ae2f448cdcd1fe6ce4e9869e20166df10e334b3328d6a8aff35c0837180d9e",
                "sha256:cebd7fa8a9bbfed3af38c6f98763caadf0b3c63ade142c3eefb41788247cb5d7",
                "sha256:cedd4f87795b9a9712bf2b6786f0d37e8848418a6b4a59cb185fd1c3866dd888",
                "sha256:cf13a5ce71200568b5bed4fa8898291296115c43b91062d2154f69016ef0d4c2",
                "sha256:d086df3696331908d97b74ce4bbb8f8f86ce231cc3bde7a080c3f535944e1966",
                "sha256:d1cd1034fdc8c4c9daeafdab146570260d5c8fe70fa87a2d428621fc5a07ea8c",
                "sha256:d2bdf7c6e4f7a74dedf4f0aea774eec4c3d6f4f909d411c769c9cd1346243518",
                "sha256:d35c638544a929bfaf150e280b582bd776e3929b9ffdffa4c7a9ee9dff9f448e",
                "sha256:d3b777c80d92eea5c581658bb9e7e1292efb770cfc464bcb47605aa39d3c45fe",
                "sha256:d98a490f8a2decf40ca2aa69d0559d01dd96131422fa2086626fd5949837335a",
                "sha256:dae95379e1a55cccef583d717f2a18481001fe9519162e480d1e2c3e429c246a",
                "sha256:db61b15cfa7fc679b22abb216bbef7888cc332a3f1f0279d6a621cf899661a80",
                "sha256:dcba70e44a3d6436196f1ffebad0b02f0a72a7c8014d85617f21bd8535434bf4",
                "sha256:e1641f25faf543df14b2395a3cea51bd0610bc7b2c1cb6ed1c13ec4bec0063e2",
                "sha256:e2f10a6410bbc8c58c04e26f8b48db4df511491d5bbb55c59992fcc8645fb5e5",
                "sha256:ed3e60296b3b9d29c3eb57cb44a82d7627da1a7eac68ac97fbf9bbd9e2a5cb99",
                "sha256:ee0e2b1dbda5f19f2751d78a8662f2094fa315e4da054e83093ffb64ccf6b8dd",
                "sha256:f018f634edf57d4b4214e007eaa2432d2410f304b170f5684bd3fdbffd244b1f",
                "sha256:f2cd876d9726db63df33ecbfb097a06de0306ddae5861c6ba71363606184428e",
                "sha256:f349e3ceb1913eba37489cab82831e9d46d9008e59c6560cfefe0c57dc1168b0",
                "sha256:f35baac99140143aed5f7dbf098c523fc534884063ccacc3f51aaccbacc7f9f3",
                "sha256:f4207434037f31f98c36f39519d217aa3683dbb12ec2a3a69f1490441935c5f2",
                "sha256:f4aefc511be8ba97d823a71fb52a3b0ccaa7f9387cb51444862ebcb919822cae",
                "sha256:fd1afbbf03ed97007f6d4cb11944776e79207d9d7634ba5c4f897f4802b382ae"
            ],
            "index": "pypi",
            "markers": "python_version >= '3.7'",
            "version": "==4.45.0"
        },
        "narwhals": {
            "hashes": [
                "sha256:4af8bbdea9e45638bb9a981568a8dfa880e40eb7dcf740d19fd32aea79223c6f",
                "sha256:b9d7605bf1d97a9d87783a69748c39150964e2a1ab0e5a6fef3e59e56772639e"
            ],
            "markers": "python_version >= '3.8'",
            "version": "==1.26.0"
        },
        "numpy": {
            "hashes": [
                "sha256:0391ea3622f5c51a2e29708877d56e3d276827ac5447d7f45e9bc4ade8923c52",
                "sha256:12c045f43b1d2915eca6b880a7f4a256f59d62df4f044788c8ba67709412128d",
                "sha256:136553f123ee2951bfcfbc264acd34a2fc2f29d7cdf610ce7daf672b6fbaa693",
                "sha256:1402da8e0f435991983d0a9708b779f95a8c98c6b18a171b9f1be09005e64d9d",
                "sha256:16372619ee728ed67a2a606a614f56d3eabc5b86f8b615c79d01957062826ca8",
                "sha256:1ad78ce7f18ce4e7df1b2ea4019b5817a2f6a8a16e34ff2775f646adce0a5027",
                "sha256:1b416af7d0ed3271cad0f0a0d0bee0911ed7eba23e66f8424d9f3dfcdcae1304",
                "sha256:1f45315b2dc58d8a3e7754fe4e38b6fce132dab284a92851e41b2b344f6441c5",
                "sha256:2376e317111daa0a6739e50f7ee2a6353f768489102308b0d98fcf4a04f7f3b5",
                "sha256:23c9f4edbf4c065fddb10a4f6e8b6a244342d95966a48820c614891e5059bb50",
                "sha256:246535e2f7496b7ac85deffe932896a3577be7af8fb7eebe7146444680297e9a",
                "sha256:2e8da03bd561504d9b20e7a12340870dfc206c64ea59b4cfee9fceb95070ee94",
                "sha256:34c1b7e83f94f3b564b35f480f5652a47007dd91f7c839f404d03279cc8dd021",
                "sha256:39261798d208c3095ae4f7bc8eaeb3481ea8c6e03dc48028057d3cbdbdb8937e",
                "sha256:3b787adbf04b0db1967798dba8da1af07e387908ed1553a0d6e74c084d1ceafe",
                "sha256:3c2ec8a0f51d60f1e9c0c5ab116b7fc104b165ada3f6c58abf881cb2eb16044d",
                "sha256:435e7a933b9fda8126130b046975a968cc2d833b505475e588339e09f7672890",
                "sha256:4d8335b5f1b6e2bce120d55fb17064b0262ff29b459e8493d1785c18ae2553b8",
                "sha256:4d9828d25fb246bedd31e04c9e75714a4087211ac348cb39c8c5f99dbb6683fe",
                "sha256:52659ad2534427dffcc36aac76bebdd02b67e3b7a619ac67543bc9bfe6b7cdb1",
                "sha256:5266de33d4c3420973cf9ae3b98b54a2a6d53a559310e3236c4b2b06b9c07d4e",
                "sha256:5521a06a3148686d9269c53b09f7d399a5725c47bbb5b35747e1cb76326b714b",
                "sha256:596140185c7fa113563c67c2e894eabe0daea18cf8e33851738c19f70ce86aeb",
                "sha256:5b732c8beef1d7bc2d9e476dbba20aaff6167bf205ad9aa8d30913859e82884b",
                "sha256:5ebeb7ef54a7be11044c33a17b2624abe4307a75893c001a4800857956b41094",
                "sha256:712a64103d97c404e87d4d7c47fb0c7ff9acccc625ca2002848e0d53288b90ea",
                "sha256:7678556eeb0152cbd1522b684dcd215250885993dd00adb93679ec3c0e6e091c",
                "sha256:77974aba6c1bc26e3c205c2214f0d5b4305bdc719268b93e768ddb17e3fdd636",
                "sha256:783145835458e60fa97afac25d511d00a1eca94d4a8f3ace9fe2043003c678e4",
                "sha256:7bfdb06b395385ea9b91bf55c1adf1b297c9fdb531552845ff1d3ea6e40d5aba",
                "sha256:7c8dde0ca2f77828815fd1aedfdf52e59071a5bae30dac3b4da2a335c672149a",
                "sha256:83807d445817326b4bcdaaaf8e8e9f1753da04341eceec705c001ff342002e5d",
                "sha256:87eed225fd415bbae787f93a457af7f5990b92a334e346f72070bf569b9c9c95",
                "sha256:8fb62fe3d206d72fe1cfe31c4a1106ad2b136fcc1606093aeab314f02930fdf2",
                "sha256:95172a21038c9b423e68be78fd0be6e1b97674cde269b76fe269a5dfa6fadf0b",
                "sha256:9f48ba6f6c13e5e49f3d3efb1b51c8193215c42ac82610a04624906a9270be6f",
                "sha256:a0c03b6be48aaf92525cccf393265e02773be8fd9551a2f9adbe7db1fa2b60f1",
                "sha256:a5ae282abe60a2db0fd407072aff4599c279bcd6e9a2475500fc35b00a57c532",
                "sha256:aee2512827ceb6d7f517c8b85aa5d3923afe8fc7a57d028cffcd522f1c6fd082",
                "sha256:c8b0451d2ec95010d1db8ca733afc41f659f425b7f608af569711097fd6014e2",
                "sha256:c9aa4496fd0e17e3843399f533d62857cef5900facf93e735ef65aa4bbc90ef0",
                "sha256:cbc6472e01952d3d1b2772b720428f8b90e2deea8344e854df22b0618e9cce71",
                "sha256:cdfe0c22692a30cd830c0755746473ae66c4a8f2e7bd508b35fb3b6a0813d787",
                "sha256:cf802eef1f0134afb81fef94020351be4fe1d6681aadf9c5e862af6602af64ef",
                "sha256:d42f9c36d06440e34226e8bd65ff065ca0963aeecada587b937011efa02cdc9d",
                "sha256:d5b47c440210c5d1d67e1cf434124e0b5c395eee1f5806fdd89b553ed1acd0a3",
                "sha256:d9b4a8148c57ecac25a16b0e11798cbe88edf5237b0df99973687dd866f05e1b",
                "sha256:daf43a3d1ea699402c5a850e5313680ac355b4adc9770cd5cfc2940e7861f1bf",
                "sha256:dbdc15f0c81611925f382dfa97b3bd0bc2c1ce19d4fe50482cb0ddc12ba30020",
                "sha256:deaa09cd492e24fd9b15296844c0ad1b3c976da7907e1c1ed3a0ad21dded6f76",
                "sha256:e37242f5324ffd9f7ba5acf96d774f9276aa62a966c0bad8dae692deebec7716",
                "sha256:ed2cf9ed4e8ebc3b754d398cba12f24359f018b416c380f577bbae112ca52fc9",
                "sha256:f2712c5179f40af9ddc8f6727f2bd910ea0eb50206daea75f58ddd9fa3f715bb",
                "sha256:f4ca91d61a4bf61b0f2228f24bbfa6a9facd5f8af03759fe2a655c50ae2c6610",
                "sha256:f6b3dfc7661f8842babd8ea07e9897fe3d9b69a1d7e5fbb743e4160f9387833b"
            ],
            "markers": "python_version >= '3.12'",
            "version": "==2.2.3"
        },
        "packaging": {
            "hashes": [
                "sha256:09abb1bccd265c01f4a3aa3f7a7db064b36514d2cba19a2f694fe6150451a759",
                "sha256:c228a6dc5e932d346bc5739379109d49e8853dd8223571c7c5b55260edc0b97f"
            ],
            "markers": "python_version >= '3.8'",
            "version": "==24.2"
        },
        "pandas": {
            "hashes": [
                "sha256:062309c1b9ea12a50e8ce661145c6aab431b1e99530d3cd60640e255778bd43a",
                "sha256:15c0e1e02e93116177d29ff83e8b1619c93ddc9c49083f237d4312337a61165d",
                "sha256:1948ddde24197a0f7add2bdc4ca83bf2b1ef84a1bc8ccffd95eda17fd836ecb5",
                "sha256:1db71525a1538b30142094edb9adc10be3f3e176748cd7acc2240c2f2e5aa3a4",
                "sha256:22a9d949bfc9a502d320aa04e5d02feab689d61da4e7764b62c30b991c42c5f0",
                "sha256:29401dbfa9ad77319367d36940cd8a0b3a11aba16063e39632d98b0e931ddf32",
                "sha256:31d0ced62d4ea3e231a9f228366919a5ea0b07440d9d4dac345376fd8e1477ea",
                "sha256:3508d914817e153ad359d7e069d752cdd736a247c322d932eb89e6bc84217f28",
                "sha256:37e0aced3e8f539eccf2e099f65cdb9c8aa85109b0be6e93e2baff94264bdc6f",
                "sha256:381175499d3802cde0eabbaf6324cce0c4f5d52ca6f8c377c29ad442f50f6348",
                "sha256:38cf8125c40dae9d5acc10fa66af8ea6fdf760b2714ee482ca691fc66e6fcb18",
                "sha256:3b71f27954685ee685317063bf13c7709a7ba74fc996b84fc6821c59b0f06468",
                "sha256:3fc6873a41186404dad67245896a6e440baacc92f5b716ccd1bc9ed2995ab2c5",
                "sha256:4850ba03528b6dd51d6c5d273c46f183f39a9baf3f0143e566b89450965b105e",
                "sha256:4f18ba62b61d7e192368b84517265a99b4d7ee8912f8708660fb4a366cc82667",
                "sha256:56534ce0746a58afaf7942ba4863e0ef81c9c50d3f0ae93e9497d6a41a057645",
                "sha256:59ef3764d0fe818125a5097d2ae867ca3fa64df032331b7e0917cf5d7bf66b13",
                "sha256:5dbca4c1acd72e8eeef4753eeca07de9b1db4f398669d5994086f788a5d7cc30",
                "sha256:5de54125a92bb4d1c051c0659e6fcb75256bf799a732a87184e5ea503965bce3",
                "sha256:61c5ad4043f791b61dd4752191d9f07f0ae412515d59ba8f005832a532f8736d",
                "sha256:6374c452ff3ec675a8f46fd9ab25c4ad0ba590b71cf0656f8b6daa5202bca3fb",
                "sha256:63cc132e40a2e084cf01adf0775b15ac515ba905d7dcca47e9a251819c575ef3",
                "sha256:66108071e1b935240e74525006034333f98bcdb87ea116de573a6a0dccb6c039",
                "sha256:6dfcb5ee8d4d50c06a51c2fffa6cff6272098ad6540aed1a76d15fb9318194d8",
                "sha256:7c2875855b0ff77b2a64a0365e24455d9990730d6431b9e0ee18ad8acee13dbd",
                "sha256:7eee9e7cea6adf3e3d24e304ac6b8300646e2a5d1cd3a3c2abed9101b0846761",
                "sha256:800250ecdadb6d9c78eae4990da62743b857b470883fa27f652db8bdde7f6659",
                "sha256:86976a1c5b25ae3f8ccae3a5306e443569ee3c3faf444dfd0f41cda24667ad57",
                "sha256:8cd6d7cc958a3910f934ea8dbdf17b2364827bb4dafc38ce6eef6bb3d65ff09c",
                "sha256:99df71520d25fade9db7c1076ac94eb994f4d2673ef2aa2e86ee039b6746d20c",
                "sha256:a5a1595fe639f5988ba6a8e5bc9649af3baf26df3998a0abe56c02609392e0a4",
                "sha256:ad5b65698ab28ed8d7f18790a0dc58005c7629f227be9ecc1072aa74c0c1d43a",
                "sha256:b1d432e8d08679a40e2a6d8b2f9770a5c21793a6f9f47fdd52c5ce1948a5a8a9",
                "sha256:b8661b0238a69d7aafe156b7fa86c44b881387509653fdf857bebc5e4008ad42",
                "sha256:ba96630bc17c875161df3818780af30e43be9b166ce51c9a18c1feae342906c2",
                "sha256:bc6b93f9b966093cb0fd62ff1a7e4c09e6d546ad7c1de191767baffc57628f39",
                "sha256:c124333816c3a9b03fbeef3a9f230ba9a737e9e5bb4060aa2107a86cc0a497fc",
                "sha256:cd8d0c3be0515c12fed0bdbae072551c8b54b7192c7b1fda0ba56059a0179698",
                "sha256:d9c45366def9a3dd85a6454c0e7908f2b3b8e9c138f5dc38fed7ce720d8453ed",
                "sha256:f00d1345d84d8c86a63e476bb4955e46458b304b9575dcf71102b5c705320015",
                "sha256:f3a255b2c19987fbbe62a9dfd6cff7ff2aa9ccab3fc75218fd4b7530f01efa24",
                "sha256:fffb8ae78d8af97f849404f21411c95062db1496aeb3e56f146f0355c9989319"
            ],
            "index": "pypi",
            "markers": "python_version >= '3.9'",
            "version": "==2.2.3"
        },
        "pefile": {
            "hashes": [
                "sha256:82e6114004b3d6911c77c3953e3838654b04511b8b66e8583db70c65998017dc",
                "sha256:da185cd2af68c08a6cd4481f7325ed600a88f6a813bad9dea07ab3ef73d8d8d6"
            ],
            "markers": "sys_platform == 'win32'",
            "version": "==2023.2.7"
        },
        "plotly": {
            "hashes": [
                "sha256:c4aad38b8c3d65e4a5e7dd308b084143b9025c2cc9d5317fc1f1d30958db87d3",
                "sha256:f708871c3a9349a68791ff943a5781b1ec04de7769ea69068adcd9202e57653a"
            ],
            "index": "pypi",
            "markers": "python_version >= '3.8'",
            "version": "==6.0.0"
        },
        "pyinstaller": {
            "hashes": [
                "sha256:0c271896a3a168f4f91827145702543db9c5427f4c7372a6df8c75925a3ac18a",
                "sha256:0e62d3906309248409f215b386f33afec845214e69cc0f296b93222b26a88f43",
                "sha256:138856a5a503bb69c066377e0a22671b0db063e9cc14d5cf5c798a53561200d3",
                "sha256:1834797be48ce1b26015af68bdeb3c61a6c7500136f04e0fc65e468115dec777",
                "sha256:68f1e4cecf88a6272063977fa2a2c69ad37cf568e5901769d7206d0314c74f47",
                "sha256:83c7f3bde9871b4a6aa71c66a96e8ba5c21668ce711ed97f510b9382d10aac6c",
                "sha256:8e92e9873a616547bbabbb5a3a9843d5f2ab40c3d8b26810acdf0fe257bee4cf",
                "sha256:a2abf5fde31a8b38b6df7939bcef8ac1d0c51e97e25317ce3555cd675259750f",
                "sha256:a69818815c6e0711c727edc30680cb1f81c691b59de35db81a2d9e0ae26a9ef1",
                "sha256:aefe502d55c9cf6aeaed7feba80b5f8491ce43f8f2b5fe2d9aadca3ee5a05bc4",
                "sha256:dac8a27988dbc33cdc34f2046803258bc3f6829de24de52745a5daa22bdba0f1",
                "sha256:fea76fc9b55ffa730fcf90beb897cce4399938460b0b6f40507fbebfc752c753"
            ],
            "index": "pypi",
            "markers": "python_version < '3.14' and python_version >= '3.8'",
            "version": "==6.12.0"
        },
        "pyinstaller-hooks-contrib": {
            "hashes": [
                "sha256:130818f9e9a0a7f2261f1fd66054966a3a50c99d000981c5d1db11d3ad0c6ab2",
                "sha256:d3c799470cbc0bda60dcc8e6b4ab976777532b77621337f2037f558905e3a8e9"
            ],
            "markers": "python_version >= '3.8'",
            "version": "==2025.1"
        },
        "pyside6": {
            "hashes": [
                "sha256:23d2a1a77b25459a049c4276b4e0bbfb375b73d3921061b1a16bcfa64e1fe517",
                "sha256:3fcb551729f235475b2abe7d919027de54a65d850e744f60716f890202273720",
                "sha256:92361e41727910e3560ea5ba494fabecc76cd20892c9fcb2ced07619081c4e65",
                "sha256:bfefa80a93db06dc64c0e7beef0377c9b8ca51e007cfc34575defe065af893b6"
            ],
            "index": "pypi",
            "markers": "python_version < '3.14' and python_version >= '3.9'",
            "version": "==6.8.2.1"
        },
        "pyside6-addons": {
            "hashes": [
                "sha256:5558816018042fecd0d782111ced529585a23ea9a010b518f8495764f578a01f",
                "sha256:c761cc45022aa79d8419e671e7fb34a4a3e5b3826f1e68fcb819bd6e3a387fbb",
                "sha256:d904179f16deeca4ba440b4ef78e8d54df2b994b46784ad9d53b741082f3b2a7",
                "sha256:f3d85e676851ada8238bc76ebfacbee738fc0b35b3bc15c9765dd107b8ee6ec4"
            ],
            "markers": "python_version < '3.14' and python_version >= '3.9'",
            "version": "==6.8.2.1"
        },
        "pyside6-essentials": {
            "hashes": [
                "sha256:18de224f09108998d194e60f2fb8a1e86367dd525dd8a6192598e80e6ada649e",
                "sha256:5ab31e5395a4724102edd6e8ff980fa3f7cde2aa79050763a1dcc30bb914195a",
                "sha256:7aed46f91d44399b4c713cf7387f5fb6f0114413fbcdbde493a528fb8e19f6ed",
                "sha256:ae5cc48f7e9a08e73e3ec2387ce245c8150e620b8d5a87548ebd4b8e3aeae49b"
            ],
            "markers": "python_version < '3.14' and python_version >= '3.9'",
            "version": "==6.8.2.1"
        },
        "python-dateutil": {
            "hashes": [
                "sha256:37dd54208da7e1cd875388217d5e00ebd4179249f90fb72437e91a35459a0ad3",
                "sha256:a8b2bc7bffae282281c8140a97d3aa9c14da0b136dfe83f850eea9a5f7470427"
            ],
            "markers": "python_version >= '2.7' and python_version not in '3.0, 3.1, 3.2, 3.3'",
            "version": "==2.9.0.post0"
        },
        "pytz": {
            "hashes": [
                "sha256:89dd22dca55b46eac6eda23b2d72721bf1bdfef212645d81513ef5d03038de57",
                "sha256:c2db42be2a2518b28e65f9207c4d05e6ff547d1efa4086469ef855e4ab70178e"
            ],
            "version": "==2025.1"
        },
        "pywin32-ctypes": {
            "hashes": [
                "sha256:8a1513379d709975552d202d942d9837758905c8d01eb82b8bcc30918929e7b8",
                "sha256:d162dc04946d704503b2edc4d55f3dba5c1d539ead017afa00142c38b9885755"
            ],
            "markers": "sys_platform == 'win32'",
            "version": "==0.2.3"
        },
        "setuptools": {
            "hashes": [
                "sha256:c5afc8f407c626b8313a86e10311dd3f661c6cd9c09d4bf8c15c0e11f9f2b0e6",
                "sha256:e3982f444617239225d675215d51f6ba05f845d4eec313da4418fdbb56fb27e3"
            ],
            "markers": "python_version >= '3.9'",
            "version": "==75.8.0"
        },
        "shiboken6": {
            "hashes": [
                "sha256:1b751d47b759762b7ca31bad278d52eca4105d3028880d93979261ebbfba810c",
                "sha256:8592401423acc693f51dbbfae5e7493cc3ed6738be79daaf90afa07f4da5bb25",
                "sha256:c83e90056f13d0872cc4d2b7bf60b6d6e3b1b172f1f91910c0ba5b641af01758",
                "sha256:d3dedeb3732ecfc920c9f97da769c0022a1c3bda99346a9eba56fbf093deaa75"
            ],
            "markers": "python_version < '3.14' and python_version >= '3.9'",
            "version": "==6.8.2.1"
        },
        "six": {
            "hashes": [
                "sha256:4721f391ed90541fddacab5acf947aa0d3dc7d27b2e1e8eda2be8970586c3274",
                "sha256:ff70335d468e7eb6ec65b95b99d3a2836546063f63acc5171de367e834932a81"
            ],
            "markers": "python_version >= '2.7' and python_version not in '3.0, 3.1, 3.2, 3.3'",
            "version": "==1.17.0"
        },
        "tzdata": {
            "hashes": [
                "sha256:24894909e88cdb28bd1636c6887801df64cb485bd593f2fd83ef29075a81d694",
                "sha256:7e127113816800496f027041c570f50bcd464a020098a3b6b199517772303639"
            ],
            "markers": "python_version >= '2'",
            "version": "==2025.1"
        }
    },
    "develop": {}
}
